
Microsoft Visual Studio Solution File, Format Version 12.00
# Visual Studio Version 17
VisualStudioVersion = 17.6.33723.286
MinimumVisualStudioVersion = 10.0.40219.1
Project("{FAE04EC0-301F-11D3-BF4B-00C04F79EFBC}") = "SysPro", "SysPro\SysPro.csproj", "{7B53DA2B-8156-4D26-9B3D-F824EA4BF9BE}"
EndProject
Global
	GlobalSection(SolutionConfigurationPlatforms) = preSolution
		Debug|Any CPU = Debug|Any CPU
		Release|Any CPU = Release|Any CPU
	EndGlobalSection
	GlobalSection(ProjectConfigurationPlatforms) = postSolution
		{7B53DA2B-8156-4D26-9B3D-F824EA4BF9BE}.Debug|Any CPU.ActiveCfg = Debug|Any CPU
		{7B53DA2B-8156-4D26-9B3D-F824EA4BF9BE}.Debug|Any CPU.Build.0 = Debug|Any CPU
		{7B53DA2B-8156-4D26-9B3D-F824EA4BF9BE}.Release|Any CPU.ActiveCfg = Release|Any CPU
		{7B53DA2B-8156-4D26-9B3D-F824EA4BF9BE}.Release|Any CPU.Build.0 = Release|Any CPU
	EndGlobalSection
	GlobalSection(SolutionProperties) = preSolution
		HideSolutionNode = FALSE
	EndGlobalSection
	GlobalSection(ExtensibilityGlobals) = postSolution
		SolutionGuid = {5B63C14B-0EFF-4FEF-B7CD-2BD0BF312C34}
	EndGlobalSection
EndGlobal
